
Microsoft Visual Studio Solution File, Format Version 12.00
# Visual Studio Version 16
VisualStudioVersion = 16.0.32407.337
MinimumVisualStudioVersion = 10.0.40219.1
Project("{8BC9CEB8-8B4A-11D0-8D11-00A0C91BC942}") = "CS163_Enlighten", "CS163_Enlighten\CS163_Enlighten.vcxproj", "{7BF757AE-7DF4-4130-8094-09EC5421A840}"
EndProject
Global
	GlobalSection(SolutionConfigurationPlatforms) = preSolution
		Debug|x64 = Debug|x64
		Debug|x86 = Debug|x86
		Release|x64 = Release|x64
		Release|x86 = Release|x86
	EndGlobalSection
	GlobalSection(ProjectConfigurationPlatforms) = postSolution
		{7BF757AE-7DF4-4130-8094-09EC5421A840}.Debug|x64.ActiveCfg = Debug|x64
		{7BF757AE-7DF4-4130-8094-09EC5421A840}.Debug|x64.Build.0 = Debug|x64
		{7BF757AE-7DF4-4130-8094-09EC5421A840}.Debug|x86.ActiveCfg = Debug|Win32
		{7BF757AE-7DF4-4130-8094-09EC5421A840}.Debug|x86.Build.0 = Debug|Win32
		{7BF757AE-7DF4-4130-8094-09EC5421A840}.Release|x64.ActiveCfg = Release|x64
		{7BF757AE-7DF4-4130-8094-09EC5421A840}.Release|x64.Build.0 = Release|x64
		{7BF757AE-7DF4-4130-8094-09EC5421A840}.Release|x86.ActiveCfg = Release|Win32
		{7BF757AE-7DF4-4130-8094-09EC5421A840}.Release|x86.Build.0 = Release|Win32
	EndGlobalSection
	GlobalSection(SolutionProperties) = preSolution
		HideSolutionNode = FALSE
	EndGlobalSection
	GlobalSection(ExtensibilityGlobals) = postSolution
		SolutionGuid = {DD7CB8A7-B3C9-4216-87ED-6D0BC5FB7736}
	EndGlobalSection
EndGlobal
