<?xml version="1.0" encoding="utf-8"?>
<Project ToolsVersion="4.0" xmlns="http://schemas.microsoft.com/developer/msbuild/2003">
  <ItemGroup>
    <Filter Include="Source Files">
      <UniqueIdentifier>{4FC737F1-C7A5-4376-A066-2A32D752A2FF}</UniqueIdentifier>
      <Extensions>cpp;c;cc;cxx;c++;cppm;ixx;def;odl;idl;hpj;bat;asm;asmx</Extensions>
    </Filter>
    <Filter Include="Header Files">
      <UniqueIdentifier>{93995380-89BD-4b04-88EB-625FBE52EBFB}</UniqueIdentifier>
      <Extensions>h;hh;hpp;hxx;h++;hm;inl;inc;ipp;xsd</Extensions>
    </Filter>
    <Filter Include="Resource Files">
      <UniqueIdentifier>{67DA6AB6-F800-4c08-8B7A-83BB121AAD01}</UniqueIdentifier>
      <Extensions>rc;ico;cur;bmp;dlg;rc2;rct;bin;rgs;gif;jpg;jpeg;jpe;resx;tiff;tif;png;wav;mfcribbon-ms</Extensions>
    </Filter>
  </ItemGroup>
  <ItemGroup>
    <ClCompile Include="CS163_Enlighten.cpp">
      <Filter>Source Files</Filter>
    </ClCompile>
    <ClCompile Include="view.cpp">
      <Filter>Source Files</Filter>
    </ClCompile>
    <ClCompile Include="view_scene.cpp">
      <Filter>Source Files</Filter>
    </ClCompile>
    <ClCompile Include="Login.cpp">
      <Filter>Source Files</Filter>
    </ClCompile>
    <ClCompile Include="EngFunctions.cpp">
      <Filter>Source Files</Filter>
    </ClCompile>
    <ClCompile Include="trie.cpp">
      <Filter>Source Files</Filter>
    </ClCompile>
    <ClCompile Include="trie_autocorrect.cpp">
      <Filter>Source Files</Filter>
    </ClCompile>
    <ClCompile Include="trie_definition.cpp">
      <Filter>Source Files</Filter>
    </ClCompile>
    <ClCompile Include="trie_demo.cpp">
      <Filter>Source Files</Filter>
    </ClCompile>
    <ClCompile Include="trie_autocomplete.cpp">
      <Filter>Source Files</Filter>
    </ClCompile>
    <ClCompile Include="trie_revision.cpp">
      <Filter>Source Files</Filter>
    </ClCompile>
    <ClCompile Include="Source.cpp">
      <Filter>Source Files</Filter>
    </ClCompile>
    <ClCompile Include="view_draw.cpp">
      <Filter>Source Files</Filter>
    </ClCompile>
    <ClCompile Include="trie_search.cpp">
      <Filter>Source Files</Filter>
    </ClCompile>
    <ClCompile Include="view_first.cpp">
      <Filter>Source Files</Filter>
    </ClCompile>
    <ClCompile Include="view_home.cpp">
      <Filter>Source Files</Filter>
    </ClCompile>
    <ClCompile Include="view_revision.cpp">
      <Filter>Source Files</Filter>
    </ClCompile>
    <ClCompile Include="view_settings.cpp">
      <Filter>Source Files</Filter>
    </ClCompile>
    <ClCompile Include="list_function.cpp">
      <Filter>Source Files</Filter>
    </ClCompile>
    <ClCompile Include="generateData.cpp">
      <Filter>Source Files</Filter>
    </ClCompile>
    <ClCompile Include="struct_definition.cpp">
      <Filter>Source Files</Filter>
    </ClCompile>
    <ClCompile Include="view_display_word.cpp">
      <Filter>Source Files</Filter>
    </ClCompile>
    <ClCompile Include="view_profile.cpp">
      <Filter>Source Files</Filter>
    </ClCompile>
  </ItemGroup>
  <ItemGroup>
    <ClInclude Include="struct_and_dependencies.h">
      <Filter>Resource Files</Filter>
    </ClInclude>
    <ClInclude Include="header.h">
      <Filter>Resource Files</Filter>
    </ClInclude>
    <ClInclude Include="test_function.h">
      <Filter>Header Files</Filter>
    </ClInclude>
  </ItemGroup>
  <ItemGroup>
    <None Include="DataStructure\readme.md" />
  </ItemGroup>
  <ItemGroup>
    <Text Include="Datasets5000.txt" />
  </ItemGroup>
</Project>